<?xml version="1.0" encoding="utf-8"?>
<Project ToolsVersion="4.0" xmlns="http://schemas.microsoft.com/developer/msbuild/2003">
  <ItemGroup>
    <Filter Include="Source Files">
      <UniqueIdentifier>{4FC737F1-C7A5-4376-A066-2A32D752A2FF}</UniqueIdentifier>
      <Extensions>cpp;c;cc;cxx;def;odl;idl;hpj;bat;asm;asmx</Extensions>
    </Filter>
    <Filter Include="Header Files">
      <UniqueIdentifier>{93995380-89BD-4b04-88EB-625FBE52EBFB}</UniqueIdentifier>
      <Extensions>h;hh;hpp;hxx;hm;inl;inc;ipp;xsd</Extensions>
    </Filter>
    <Filter Include="Resource Files">
      <UniqueIdentifier>{67DA6AB6-F800-4c08-8B7A-83BB121AAD01}</UniqueIdentifier>
      <Extensions>rc;ico;cur;bmp;dlg;rc2;rct;bin;rgs;gif;jpg;jpeg;jpe;resx;tiff;tif;png;wav;mfcribbon-ms</Extensions>
    </Filter>
  </ItemGroup>
  <ItemGroup>
    <ClCompile Include="src\main.cpp">
      <Filter>Source Files</Filter>
    </ClCompile>
    <ClCompile Include="src\nell\context.cpp">
      <Filter>Source Files</Filter>
    </ClCompile>
    <ClCompile Include="src\nell\scene.cpp">
      <Filter>Source Files</Filter>
    </ClCompile>
    <ClCompile Include="src\glad\glad.c">
      <Filter>Source Files</Filter>
    </ClCompile>
    <ClCompile Include="src\imgui\impl\imgui_impl_glfw.cpp">
      <Filter>Source Files</Filter>
    </ClCompile>
    <ClCompile Include="src\imgui\impl\imgui_impl_opengl3.cpp">
      <Filter>Source Files</Filter>
    </ClCompile>
    <ClCompile Include="src\imgui\imgui.cpp">
      <Filter>Source Files</Filter>
    </ClCompile>
    <ClCompile Include="src\imgui\imgui_draw.cpp">
      <Filter>Source Files</Filter>
    </ClCompile>
    <ClCompile Include="src\imgui\imgui_widgets.cpp">
      <Filter>Source Files</Filter>
    </ClCompile>
    <ClCompile Include="src\imgui\misc\imgui_stdlib.cpp">
      <Filter>Source Files</Filter>
    </ClCompile>
    <ClCompile Include="src\nell\scenes\basic_scene.cpp">
      <Filter>Source Files</Filter>
    </ClCompile>
    <ClCompile Include="src\nell\utils\io_utils.cpp">
      <Filter>Source Files</Filter>
    </ClCompile>
    <ClCompile Include="src\nell\utils\gl_utils.cpp">
      <Filter>Source Files</Filter>
    </ClCompile>
    <ClCompile Include="src\nell\utils\glfw_utils.cpp">
      <Filter>Source Files</Filter>
    </ClCompile>
    <ClCompile Include="src\nell\systems\freeflight_camera_system.cpp">
      <Filter>Source Files</Filter>
    </ClCompile>
    <ClCompile Include="src\nell\components\transform.cpp">
      <Filter>Source Files</Filter>
    </ClCompile>
    <ClCompile Include="src\nell\systems\model_import_system.cpp">
      <Filter>Source Files</Filter>
    </ClCompile>
    <ClCompile Include="src\nell\systems\callbacks\early_update_emitter.cpp">
      <Filter>Source Files</Filter>
    </ClCompile>
    <ClCompile Include="src\nell\systems\callbacks\fixed_update_emitter.cpp">
      <Filter>Source Files</Filter>
    </ClCompile>
    <ClCompile Include="src\nell\systems\callbacks\late_update_emitter.cpp">
      <Filter>Source Files</Filter>
    </ClCompile>
    <ClCompile Include="src\nell\systems\callbacks\post_render_emitter.cpp">
      <Filter>Source Files</Filter>
    </ClCompile>
    <ClCompile Include="src\nell\systems\callbacks\render_emitter.cpp">
      <Filter>Source Files</Filter>
    </ClCompile>
    <ClCompile Include="src\nell\systems\callbacks\update_emitter.cpp">
      <Filter>Source Files</Filter>
    </ClCompile>
    <ClCompile Include="src\nell\systems\basic_shading_system.cpp">
      <Filter>Source Files</Filter>
    </ClCompile>
  </ItemGroup>
  <ItemGroup>
    <ClInclude Include="include\nell\context.hpp">
      <Filter>Header Files</Filter>
    </ClInclude>
    <ClInclude Include="include\utils\glfw_utils.hpp">
      <Filter>Header Files</Filter>
    </ClInclude>
    <ClInclude Include="include\nell\systems\ui_entity_draw_system.hpp">
      <Filter>Header Files</Filter>
    </ClInclude>
    <ClInclude Include="include\nell\components\opengl_program.hpp">
      <Filter>Header Files</Filter>
    </ClInclude>
    <ClInclude Include="include\nell\scene.hpp">
      <Filter>Header Files</Filter>
    </ClInclude>
    <ClInclude Include="include\glad\glad.h">
      <Filter>Header Files</Filter>
    </ClInclude>
    <ClInclude Include="include\imgui\imgui_internal.h">
      <Filter>Header Files</Filter>
    </ClInclude>
    <ClInclude Include="include\imgui\imconfig.h">
      <Filter>Header Files</Filter>
    </ClInclude>
    <ClInclude Include="include\imgui\imgui.h">
      <Filter>Header Files</Filter>
    </ClInclude>
    <ClInclude Include="include\KHR\khrplatform.h">
      <Filter>Header Files</Filter>
    </ClInclude>
    <ClInclude Include="include\imgui\impl\imgui_impl_opengl3.h">
      <Filter>Header Files</Filter>
    </ClInclude>
    <ClInclude Include="include\imgui\impl\imgui_impl_glfw.h">
      <Filter>Header Files</Filter>
    </ClInclude>
    <ClInclude Include="include\nell\scenes\basic_scene.hpp">
      <Filter>Header Files</Filter>
    </ClInclude>
    <ClInclude Include="include\imgui\misc\imgui_stdlib.h">
      <Filter>Header Files</Filter>
    </ClInclude>
    <ClInclude Include="include\nell\definitions.hpp">
      <Filter>Header Files</Filter>
    </ClInclude>
    <ClInclude Include="include\nell\components\child_link.hpp">
      <Filter>Header Files</Filter>
    </ClInclude>
    <ClInclude Include="include\nell\components\mesh.hpp">
      <Filter>Header Files</Filter>
    </ClInclude>
    <ClInclude Include="include\nell\components\shaders.hpp">
      <Filter>Header Files</Filter>
    </ClInclude>
    <ClInclude Include="include\nell\scenes\scene_impl.hpp">
      <Filter>Header Files</Filter>
    </ClInclude>
    <ClInclude Include="include\utils\io_utils.hpp">
      <Filter>Header Files</Filter>
    </ClInclude>
    <ClInclude Include="include\utils\gl_utils.hpp">
      <Filter>Header Files</Filter>
    </ClInclude>
    <ClInclude Include="include\nell\input.hpp">
      <Filter>Header Files</Filter>
    </ClInclude>
    <ClInclude Include="include\nell\systems\freeflight_camera_system.hpp">
      <Filter>Header Files</Filter>
    </ClInclude>
    <ClInclude Include="include\nell\components\transform.hpp">
      <Filter>Header Files</Filter>
    </ClInclude>
    <ClInclude Include="include\nell\components\freeflight_camera.hpp">
      <Filter>Header Files</Filter>
    </ClInclude>
    <ClInclude Include="include\nell\components\model_source.hpp">
      <Filter>Header Files</Filter>
    </ClInclude>
    <ClInclude Include="include\nell\systems\model_import_system.hpp">
      <Filter>Header Files</Filter>
    </ClInclude>
    <ClInclude Include="include\nell\components\opengl_mesh.hpp">
      <Filter>Header Files</Filter>
    </ClInclude>
    <ClInclude Include="include\nell\systems\callbacks\early_update_callback.hpp">
      <Filter>Header Files</Filter>
    </ClInclude>
    <ClInclude Include="include\nell\systems\callbacks\fixed_update_callback.hpp">
      <Filter>Header Files</Filter>
    </ClInclude>
    <ClInclude Include="include\nell\systems\callbacks\late_update_callback.hpp">
      <Filter>Header Files</Filter>
    </ClInclude>
    <ClInclude Include="include\nell\systems\callbacks\post_render_callback.hpp">
      <Filter>Header Files</Filter>
    </ClInclude>
    <ClInclude Include="include\nell\systems\callbacks\render_callback.hpp">
      <Filter>Header Files</Filter>
    </ClInclude>
    <ClInclude Include="include\nell\systems\callbacks\update_callback.hpp">
      <Filter>Header Files</Filter>
    </ClInclude>
    <ClInclude Include="include\nell\systems\callbacks\callback_func_handle.hpp">
      <Filter>Header Files</Filter>
    </ClInclude>
    <ClInclude Include="include\nell\systems\callbacks\early_update_emitter.hpp">
      <Filter>Header Files</Filter>
    </ClInclude>
    <ClInclude Include="include\nell\systems\callbacks\fixed_update_emitter.hpp">
      <Filter>Header Files</Filter>
    </ClInclude>
    <ClInclude Include="include\nell\systems\callbacks\update_emitter.hpp">
      <Filter>Header Files</Filter>
    </ClInclude>
    <ClInclude Include="include\nell\systems\callbacks\render_emitter.hpp">
      <Filter>Header Files</Filter>
    </ClInclude>
    <ClInclude Include="include\nell\systems\callbacks\post_render_emitter.hpp">
      <Filter>Header Files</Filter>
    </ClInclude>
    <ClInclude Include="include\nell\systems\callbacks\late_update_emitter.hpp">
      <Filter>Header Files</Filter>
    </ClInclude>
    <ClInclude Include="include\nell\components\basic_shading_objects.hpp">
      <Filter>Header Files</Filter>
    </ClInclude>
    <ClInclude Include="include\nell\systems\basic_shading_system.hpp">
      <Filter>Header Files</Filter>
    </ClInclude>
  </ItemGroup>
  <ItemGroup>
    <None Include="FrameworkOverview.cd" />
    <None Include="resources\shaders\basic_shader.vert" />
    <None Include="resources\shaders\basic_shader.frag" />
  </ItemGroup>
</Project>